
Microsoft Visual Studio Solution File, Format Version 12.00
# Visual Studio 15
VisualStudioVersion = 15.0.28307.779
MinimumVisualStudioVersion = 10.0.40219.1
Project("{FAE04EC0-301F-11D3-BF4B-00C04F79EFBC}") = "Ornette.UI", "Ornette\Ornette.UI.csproj", "{D57E1D81-59CF-42B2-8A1E-73F98E56166D}"
EndProject
Project("{FAE04EC0-301F-11D3-BF4B-00C04F79EFBC}") = "Ornette.Application", "Ornette.Application\Ornette.Application.csproj", "{224DAEAF-B8D9-42D5-9C7E-D3EBF57A9BA9}"
EndProject
Project("{FAE04EC0-301F-11D3-BF4B-00C04F79EFBC}") = "Music.Adapter.Bass", "Music.Adapter.Bass\Music.Adapter.Bass.csproj", "{EBE494FA-4DF1-436A-8C1A-1D15942CD0FB}"
EndProject
Project("{FAE04EC0-301F-11D3-BF4B-00C04F79EFBC}") = "Ornette.IO", "Ornette.IO\Ornette.IO.csproj", "{377A1F75-7719-4A45-97AF-0172A62F081B}"
EndProject
Global
	GlobalSection(SolutionConfigurationPlatforms) = preSolution
		Debug|Any CPU = Debug|Any CPU
		Debug|x64 = Debug|x64
		Debug|x86 = Debug|x86
		Release|Any CPU = Release|Any CPU
		Release|x64 = Release|x64
		Release|x86 = Release|x86
	EndGlobalSection
	GlobalSection(ProjectConfigurationPlatforms) = postSolution
		{D57E1D81-59CF-42B2-8A1E-73F98E56166D}.Debug|Any CPU.ActiveCfg = Debug|Any CPU
		{D57E1D81-59CF-42B2-8A1E-73F98E56166D}.Debug|Any CPU.Build.0 = Debug|Any CPU
		{D57E1D81-59CF-42B2-8A1E-73F98E56166D}.Debug|x64.ActiveCfg = Debug|x64
		{D57E1D81-59CF-42B2-8A1E-73F98E56166D}.Debug|x64.Build.0 = Debug|x64
		{D57E1D81-59CF-42B2-8A1E-73F98E56166D}.Debug|x86.ActiveCfg = Debug|x86
		{D57E1D81-59CF-42B2-8A1E-73F98E56166D}.Debug|x86.Build.0 = Debug|x86
		{D57E1D81-59CF-42B2-8A1E-73F98E56166D}.Release|Any CPU.ActiveCfg = Release|Any CPU
		{D57E1D81-59CF-42B2-8A1E-73F98E56166D}.Release|Any CPU.Build.0 = Release|Any CPU
		{D57E1D81-59CF-42B2-8A1E-73F98E56166D}.Release|x64.ActiveCfg = Release|x64
		{D57E1D81-59CF-42B2-8A1E-73F98E56166D}.Release|x64.Build.0 = Release|x64
		{D57E1D81-59CF-42B2-8A1E-73F98E56166D}.Release|x86.ActiveCfg = Release|x86
		{D57E1D81-59CF-42B2-8A1E-73F98E56166D}.Release|x86.Build.0 = Release|x86
		{224DAEAF-B8D9-42D5-9C7E-D3EBF57A9BA9}.Debug|Any CPU.ActiveCfg = Debug|Any CPU
		{224DAEAF-B8D9-42D5-9C7E-D3EBF57A9BA9}.Debug|Any CPU.Build.0 = Debug|Any CPU
		{224DAEAF-B8D9-42D5-9C7E-D3EBF57A9BA9}.Debug|x64.ActiveCfg = Debug|Any CPU
		{224DAEAF-B8D9-42D5-9C7E-D3EBF57A9BA9}.Debug|x64.Build.0 = Debug|Any CPU
		{224DAEAF-B8D9-42D5-9C7E-D3EBF57A9BA9}.Debug|x86.ActiveCfg = Debug|Any CPU
		{224DAEAF-B8D9-42D5-9C7E-D3EBF57A9BA9}.Debug|x86.Build.0 = Debug|Any CPU
		{224DAEAF-B8D9-42D5-9C7E-D3EBF57A9BA9}.Release|Any CPU.ActiveCfg = Release|Any CPU
		{224DAEAF-B8D9-42D5-9C7E-D3EBF57A9BA9}.Release|Any CPU.Build.0 = Release|Any CPU
		{224DAEAF-B8D9-42D5-9C7E-D3EBF57A9BA9}.Release|x64.ActiveCfg = Release|Any CPU
		{224DAEAF-B8D9-42D5-9C7E-D3EBF57A9BA9}.Release|x64.Build.0 = Release|Any CPU
		{224DAEAF-B8D9-42D5-9C7E-D3EBF57A9BA9}.Release|x86.ActiveCfg = Release|Any CPU
		{224DAEAF-B8D9-42D5-9C7E-D3EBF57A9BA9}.Release|x86.Build.0 = Release|Any CPU
		{EBE494FA-4DF1-436A-8C1A-1D15942CD0FB}.Debug|Any CPU.ActiveCfg = Debug|Any CPU
		{EBE494FA-4DF1-436A-8C1A-1D15942CD0FB}.Debug|Any CPU.Build.0 = Debug|Any CPU
		{EBE494FA-4DF1-436A-8C1A-1D15942CD0FB}.Debug|x64.ActiveCfg = Debug|Any CPU
		{EBE494FA-4DF1-436A-8C1A-1D15942CD0FB}.Debug|x64.Build.0 = Debug|Any CPU
		{EBE494FA-4DF1-436A-8C1A-1D15942CD0FB}.Debug|x86.ActiveCfg = Debug|Any CPU
		{EBE494FA-4DF1-436A-8C1A-1D15942CD0FB}.Debug|x86.Build.0 = Debug|Any CPU
		{EBE494FA-4DF1-436A-8C1A-1D15942CD0FB}.Release|Any CPU.ActiveCfg = Release|Any CPU
		{EBE494FA-4DF1-436A-8C1A-1D15942CD0FB}.Release|Any CPU.Build.0 = Release|Any CPU
		{EBE494FA-4DF1-436A-8C1A-1D15942CD0FB}.Release|x64.ActiveCfg = Release|Any CPU
		{EBE494FA-4DF1-436A-8C1A-1D15942CD0FB}.Release|x64.Build.0 = Release|Any CPU
		{EBE494FA-4DF1-436A-8C1A-1D15942CD0FB}.Release|x86.ActiveCfg = Release|Any CPU
		{EBE494FA-4DF1-436A-8C1A-1D15942CD0FB}.Release|x86.Build.0 = Release|Any CPU
		{377A1F75-7719-4A45-97AF-0172A62F081B}.Debug|Any CPU.ActiveCfg = Debug|Any CPU
		{377A1F75-7719-4A45-97AF-0172A62F081B}.Debug|Any CPU.Build.0 = Debug|Any CPU
		{377A1F75-7719-4A45-97AF-0172A62F081B}.Debug|x64.ActiveCfg = Debug|Any CPU
		{377A1F75-7719-4A45-97AF-0172A62F081B}.Debug|x64.Build.0 = Debug|Any CPU
		{377A1F75-7719-4A45-97AF-0172A62F081B}.Debug|x86.ActiveCfg = Debug|Any CPU
		{377A1F75-7719-4A45-97AF-0172A62F081B}.Debug|x86.Build.0 = Debug|Any CPU
		{377A1F75-7719-4A45-97AF-0172A62F081B}.Release|Any CPU.ActiveCfg = Release|Any CPU
		{377A1F75-7719-4A45-97AF-0172A62F081B}.Release|Any CPU.Build.0 = Release|Any CPU
		{377A1F75-7719-4A45-97AF-0172A62F081B}.Release|x64.ActiveCfg = Release|Any CPU
		{377A1F75-7719-4A45-97AF-0172A62F081B}.Release|x64.Build.0 = Release|Any CPU
		{377A1F75-7719-4A45-97AF-0172A62F081B}.Release|x86.ActiveCfg = Release|Any CPU
		{377A1F75-7719-4A45-97AF-0172A62F081B}.Release|x86.Build.0 = Release|Any CPU
	EndGlobalSection
	GlobalSection(SolutionProperties) = preSolution
		HideSolutionNode = FALSE
	EndGlobalSection
	GlobalSection(ExtensibilityGlobals) = postSolution
		SolutionGuid = {88934522-3494-4CD2-9595-9A29FF6EEB9A}
	EndGlobalSection
EndGlobal
